
Microsoft Visual Studio Solution File, Format Version 12.00
# Visual Studio Version 18
VisualStudioVersion = 18.5.11716.220
MinimumVisualStudioVersion = 10.0.40219.1
Project("{2150E333-8FDC-42A3-9474-1A3956D46DE8}") = "App", "App", "{02EA681E-C7D8-13C7-8484-4AC65E1B71E8}"
EndProject
Project("{2150E333-8FDC-42A3-9474-1A3956D46DE8}") = "Presentation", "Presentation", "{66867AEC-7E31-4DF8-981F-87472E3376A6}"
EndProject
Project("{2150E333-8FDC-42A3-9474-1A3956D46DE8}") = "Infrastructure", "Infrastructure", "{0E5954A8-DE8A-4F9D-9837-CD2E57449396}"
EndProject
Project("{2150E333-8FDC-42A3-9474-1A3956D46DE8}") = "Application", "Application", "{6D78B122-9213-4D4A-ABD3-9F31ED1EAF43}"
EndProject
Project("{FAE04EC0-301F-11D3-BF4B-00C04F79EFBC}") = "ItlaSocialMedia", "ItlaSocialmedia\ItlaSocialMedia.csproj", "{A15EE652-3B3C-4833-B5D4-02631331299D}"
EndProject
Project("{2150E333-8FDC-42A3-9474-1A3956D46DE8}") = "Domain", "Domain", "{DA88E430-D636-483D-89C5-E9922844EDC5}"
EndProject
Project("{FAE04EC0-301F-11D3-BF4B-00C04F79EFBC}") = "Application", "Application\Application.csproj", "{00F44AE3-9059-4118-81CF-CFBD2FB9DB12}"
EndProject
Project("{FAE04EC0-301F-11D3-BF4B-00C04F79EFBC}") = "Domain", "Domain\Domain.csproj", "{0C3F686C-1F0F-422C-8E77-53F40C43526F}"
EndProject
Project("{FAE04EC0-301F-11D3-BF4B-00C04F79EFBC}") = "Infrastructure.Shared", "Infrastructure.Shared\Infrastructure.Shared.csproj", "{BEC5B664-4278-4C5B-A077-5162DBE33801}"
EndProject
Project("{FAE04EC0-301F-11D3-BF4B-00C04F79EFBC}") = "Infrastructure.Identity", "Infrastructure.Identity\Infrastructure.Identity.csproj", "{94D7DDF0-0661-41B4-B929-4FB039775562}"
EndProject
Project("{2150E333-8FDC-42A3-9474-1A3956D46DE8}") = "Solution Items", "Solution Items", "{E2E156B9-45A5-4EF7-807B-C0A4A9253E6C}"
	ProjectSection(SolutionItems) = preProject
		Dockerfile = Dockerfile
	EndProjectSection
EndProject
Project("{FAE04EC0-301F-11D3-BF4B-00C04F79EFBC}") = "Infrastructure.Persistence", "Infrastructure.Persistence\Infrastructure.Persistence.csproj", "{A73134BB-219A-1FEB-15BF-E17F029548E7}"
EndProject
Global
	GlobalSection(SolutionConfigurationPlatforms) = preSolution
		Debug|Any CPU = Debug|Any CPU
		Release|Any CPU = Release|Any CPU
	EndGlobalSection
	GlobalSection(ProjectConfigurationPlatforms) = postSolution
		{A15EE652-3B3C-4833-B5D4-02631331299D}.Debug|Any CPU.ActiveCfg = Debug|Any CPU
		{A15EE652-3B3C-4833-B5D4-02631331299D}.Debug|Any CPU.Build.0 = Debug|Any CPU
		{A15EE652-3B3C-4833-B5D4-02631331299D}.Release|Any CPU.ActiveCfg = Release|Any CPU
		{A15EE652-3B3C-4833-B5D4-02631331299D}.Release|Any CPU.Build.0 = Release|Any CPU
		{00F44AE3-9059-4118-81CF-CFBD2FB9DB12}.Debug|Any CPU.ActiveCfg = Debug|Any CPU
		{00F44AE3-9059-4118-81CF-CFBD2FB9DB12}.Debug|Any CPU.Build.0 = Debug|Any CPU
		{00F44AE3-9059-4118-81CF-CFBD2FB9DB12}.Release|Any CPU.ActiveCfg = Release|Any CPU
		{00F44AE3-9059-4118-81CF-CFBD2FB9DB12}.Release|Any CPU.Build.0 = Release|Any CPU
		{0C3F686C-1F0F-422C-8E77-53F40C43526F}.Debug|Any CPU.ActiveCfg = Debug|Any CPU
		{0C3F686C-1F0F-422C-8E77-53F40C43526F}.Debug|Any CPU.Build.0 = Debug|Any CPU
		{0C3F686C-1F0F-422C-8E77-53F40C43526F}.Release|Any CPU.ActiveCfg = Release|Any CPU
		{0C3F686C-1F0F-422C-8E77-53F40C43526F}.Release|Any CPU.Build.0 = Release|Any CPU
		{BEC5B664-4278-4C5B-A077-5162DBE33801}.Debug|Any CPU.ActiveCfg = Debug|Any CPU
		{BEC5B664-4278-4C5B-A077-5162DBE33801}.Debug|Any CPU.Build.0 = Debug|Any CPU
		{BEC5B664-4278-4C5B-A077-5162DBE33801}.Release|Any CPU.ActiveCfg = Release|Any CPU
		{BEC5B664-4278-4C5B-A077-5162DBE33801}.Release|Any CPU.Build.0 = Release|Any CPU
		{94D7DDF0-0661-41B4-B929-4FB039775562}.Debug|Any CPU.ActiveCfg = Debug|Any CPU
		{94D7DDF0-0661-41B4-B929-4FB039775562}.Debug|Any CPU.Build.0 = Debug|Any CPU
		{94D7DDF0-0661-41B4-B929-4FB039775562}.Release|Any CPU.ActiveCfg = Release|Any CPU
		{94D7DDF0-0661-41B4-B929-4FB039775562}.Release|Any CPU.Build.0 = Release|Any CPU
		{A73134BB-219A-1FEB-15BF-E17F029548E7}.Debug|Any CPU.ActiveCfg = Debug|Any CPU
		{A73134BB-219A-1FEB-15BF-E17F029548E7}.Debug|Any CPU.Build.0 = Debug|Any CPU
		{A73134BB-219A-1FEB-15BF-E17F029548E7}.Release|Any CPU.ActiveCfg = Release|Any CPU
		{A73134BB-219A-1FEB-15BF-E17F029548E7}.Release|Any CPU.Build.0 = Release|Any CPU
	EndGlobalSection
	GlobalSection(SolutionProperties) = preSolution
		HideSolutionNode = FALSE
	EndGlobalSection
	GlobalSection(NestedProjects) = preSolution
		{66867AEC-7E31-4DF8-981F-87472E3376A6} = {02EA681E-C7D8-13C7-8484-4AC65E1B71E8}
		{0E5954A8-DE8A-4F9D-9837-CD2E57449396} = {02EA681E-C7D8-13C7-8484-4AC65E1B71E8}
		{6D78B122-9213-4D4A-ABD3-9F31ED1EAF43} = {02EA681E-C7D8-13C7-8484-4AC65E1B71E8}
		{A15EE652-3B3C-4833-B5D4-02631331299D} = {66867AEC-7E31-4DF8-981F-87472E3376A6}
		{DA88E430-D636-483D-89C5-E9922844EDC5} = {02EA681E-C7D8-13C7-8484-4AC65E1B71E8}
		{00F44AE3-9059-4118-81CF-CFBD2FB9DB12} = {6D78B122-9213-4D4A-ABD3-9F31ED1EAF43}
		{0C3F686C-1F0F-422C-8E77-53F40C43526F} = {DA88E430-D636-483D-89C5-E9922844EDC5}
		{BEC5B664-4278-4C5B-A077-5162DBE33801} = {0E5954A8-DE8A-4F9D-9837-CD2E57449396}
		{94D7DDF0-0661-41B4-B929-4FB039775562} = {0E5954A8-DE8A-4F9D-9837-CD2E57449396}
		{A73134BB-219A-1FEB-15BF-E17F029548E7} = {0E5954A8-DE8A-4F9D-9837-CD2E57449396}
	EndGlobalSection
	GlobalSection(ExtensibilityGlobals) = postSolution
		SolutionGuid = {A9DED627-EF95-49EE-80D3-BFB3FF9D767D}
	EndGlobalSection
EndGlobal
